
Microsoft Visual Studio Solution File, Format Version 12.00
# Visual Studio Version 17
VisualStudioVersion = 17.6.33801.468
MinimumVisualStudioVersion = 10.0.40219.1
Project("{9A19103F-16F7-4668-BE54-9A1E7A4F7556}") = "Battle System", "Battle System\Battle System.csproj", "{E760B8FD-1540-4A6A-B79F-B962E67EC91E}"
EndProject
Project("{FAE04EC0-301F-11D3-BF4B-00C04F79EFBC}") = "Unit Testing", "Unit Testing\Unit Testing.csproj", "{DD6696D3-F426-4A0A-B492-A32FDC3356C3}"
EndProject
Project("{2150E333-8FDC-42A3-9474-1A3956D46DE8}") = "Notes", "Notes", "{11486B20-C164-472C-8510-39CF52D4412B}"
	ProjectSection(SolutionItems) = preProject
		To Do List.txt = To Do List.txt
	EndProjectSection
EndProject
Global
	GlobalSection(SolutionConfigurationPlatforms) = preSolution
		Debug|Any CPU = Debug|Any CPU
		Release|Any CPU = Release|Any CPU
	EndGlobalSection
	GlobalSection(ProjectConfigurationPlatforms) = postSolution
		{E760B8FD-1540-4A6A-B79F-B962E67EC91E}.Debug|Any CPU.ActiveCfg = Debug|Any CPU
		{E760B8FD-1540-4A6A-B79F-B962E67EC91E}.Debug|Any CPU.Build.0 = Debug|Any CPU
		{E760B8FD-1540-4A6A-B79F-B962E67EC91E}.Release|Any CPU.ActiveCfg = Release|Any CPU
		{E760B8FD-1540-4A6A-B79F-B962E67EC91E}.Release|Any CPU.Build.0 = Release|Any CPU
		{DD6696D3-F426-4A0A-B492-A32FDC3356C3}.Debug|Any CPU.ActiveCfg = Debug|Any CPU
		{DD6696D3-F426-4A0A-B492-A32FDC3356C3}.Debug|Any CPU.Build.0 = Debug|Any CPU
		{DD6696D3-F426-4A0A-B492-A32FDC3356C3}.Release|Any CPU.ActiveCfg = Release|Any CPU
		{DD6696D3-F426-4A0A-B492-A32FDC3356C3}.Release|Any CPU.Build.0 = Release|Any CPU
	EndGlobalSection
	GlobalSection(SolutionProperties) = preSolution
		HideSolutionNode = FALSE
	EndGlobalSection
	GlobalSection(ExtensibilityGlobals) = postSolution
		SolutionGuid = {5348AE48-A267-45B7-BEB1-9146120E75EB}
	EndGlobalSection
EndGlobal
